[[package]]
name = "click"
sections = ["default"]
version = "6.7"
summary = "A simple wrapper around optparse for powerful command line utilities."

[[package]]
name = "flask"
sections = ["default"]
version = "1.0.3"
summary = "A simple framework for building complex web applications."
dependencies = [
    "Werkzeug>=0.14",
    "Jinja2>=2.10",
    "itsdangerous>=0.24",
    "click>=5.1",
]

[[package]]
name = "itsdangerous"
sections = ["default"]
version = "0.24"
summary = "Various helpers to pass trusted data to untrusted environments and back."

[[package]]
name = "Jinja2"
sections = ["default"]
version = "2.10.3"
summary = "A very fast and expressive template engine."
dependencies = [
    "MarkupSafe>=0.23",
]

[[package]]
name = "MarkupSafe"
sections = ["default"]
version = "1.0"
summary = "UNKNOWN"

[[package]]
name = "Werkzeug"
sections = ["default"]
version = "0.14.1"
summary = "The comprehensive WSGI web application library."

[metadata]
lock_version = "2"
content_hash = "sha256:09889bcdf876ae1bc905934125e58d5328b16ca3e758f87d8785b490d43d3dad"

[metadata.files]
"click 6.7" = [
    {file = "click-6.7-py2.py3-none-any.whl", hash = "sha256:29f99fc6125fbc931b758dc053b3114e55c77a6e4c6c3a2674a2dc986016381d"},
    {file = "click-6.7.tar.gz", hash = "sha256:f15516df478d5a56180fbf80e68f206010e6d160fc39fa508b65e035fd75130b"},
]
"flask 1.0.3" = [
    {file = "Flask-1.0.3-py2.py3-none-any.whl", hash = "sha256:e7d32475d1de5facaa55e3958bc4ec66d3762076b074296aa50ef8fdc5b9df61"},
    {file = "Flask-1.0.3.tar.gz", hash = "sha256:ad7c6d841e64296b962296c2c2dabc6543752985727af86a975072dea984b6f3"},
]
"itsdangerous 0.24" = [
    {file = "itsdangerous-0.24.tar.gz", hash = "sha256:cbb3fcf8d3e33df861709ecaf89d9e6629cff0a217bc2848f1b41cd30d360519"},
]
"jinja2 2.10.3" = [
    {file = "Jinja2-2.10.3-py2.py3-none-any.whl", hash = "sha256:f72f23bf65cbdbb2d69ce857a97cdba3c9de069a929fcbadb8d738a1db5a94d1"},
    {file = "Jinja2-2.10.3.tar.gz", hash = "sha256:7a4ac21fce4afedbbc6ea2de5de4f312df670350708104bd7562aaa452baef1f"},
]
"markupsafe 1.0" = [
    {file = "MarkupSafe-1.0.tar.gz", hash = "sha256:a6be69091dac236ea9c6bc7d012beab42010fa914c459791d627dad4910eb665"},
]
"werkzeug 0.14.1" = [
    {file = "Werkzeug-0.14.1-py2.py3-none-any.whl", hash = "sha256:d5da73735293558eb1651ee2fddc4d0dedcfa06538b8813a2e20011583c9e49b"},
    {file = "Werkzeug-0.14.1.tar.gz", hash = "sha256:c3fd7a7d41976d9f44db327260e263132466836cef6f91512889ed60ad26557c"},
]
